PODS:
  - Alamofire (4.0.1)
  - SwiftyDropbox (4.0.5):
    - Alamofire (~> 4.0.0)

DEPENDENCIES:
  - SwiftyDropbox

SPEC CHECKSUMS:
  Alamofire: 7682d43245de14874acd142ec137b144aa1dd335
  SwiftyDropbox: 9bd7a3ab55eccd4e5e10dd9eff89519af3cbfc30

PODFILE CHECKSUM: acb66d4bdd50506ce8c8933f4a6e3c5820b08ce9

COCOAPODS: 1.1.0.rc.2
