PODS:
  - Alamofire (4.0.1)
  - SwiftyDropbox (4.0.4):
    - Alamofire (~> 4.0.0)

DEPENDENCIES:
  - SwiftyDropbox (~> 4.0)

SPEC CHECKSUMS:
  Alamofire: 7682d43245de14874acd142ec137b144aa1dd335
  SwiftyDropbox: 0dd4fd2ba9b7acb97ca2c0d57ef57befd1149e64

PODFILE CHECKSUM: 711a6c8a3d7b74d1c918b4a396c6635114d4acdb

COCOAPODS: 1.1.0.rc.2
