// !$*UTF8*$!
{
	archiveVersion = 1;
	classes = {
	};
	objectVersion = 46;
	objects = {

/* Begin PBXBuildFile section */
		C30C89411D7B299200908D62 /* Auxiliary.swift in Sources */ = {isa = PBXBuildFile; fileRef = C30C893E1D7B299200908D62 /* Auxiliary.swift */; };
		C30C89421D7B299200908D62 /* NSextension.swift in Sources */ = {isa = PBXBuildFile; fileRef = C30C893F1D7B299200908D62 /* NSextension.swift */; };
		C30C89431D7B299200908D62 /* UIextension.swift in Sources */ = {isa = PBXBuildFile; fileRef = C30C89401D7B299200908D62 /* UIextension.swift */; };
		C32DD930170C610900D11883 /* UIKit.framework in Frameworks */ = {isa = PBXBuildFile; fileRef = C32DD92F170C610900D11883 /* UIKit.framework */; };
		C32DD932170C610900D11883 /* Foundation.framework in Frameworks */ = {isa = PBXBuildFile; fileRef = C32DD931170C610900D11883 /* Foundation.framework */; };
		C32DD934170C610900D11883 /* CoreGraphics.framework in Frameworks */ = {isa = PBXBuildFile; fileRef = C32DD933170C610900D11883 /* CoreGraphics.framework */; };
		C32DD981170C614D00D11883 /* downsample.cpp in Sources */ = {isa = PBXBuildFile; fileRef = C32DD95A170C614D00D11883 /* downsample.cpp */; };
		C32DD982170C614D00D11883 /* lowpass_44.dat in Resources */ = {isa = PBXBuildFile; fileRef = C32DD95D170C614D00D11883 /* lowpass_44.dat */; };
		C32DD983170C614D00D11883 /* lowpass_48.dat in Resources */ = {isa = PBXBuildFile; fileRef = C32DD95E170C614D00D11883 /* lowpass_48.dat */; };
		C32DD984170C614D00D11883 /* fmgen.cpp in Sources */ = {isa = PBXBuildFile; fileRef = C32DD961170C614D00D11883 /* fmgen.cpp */; };
		C32DD985170C614D00D11883 /* fmtimer.cpp in Sources */ = {isa = PBXBuildFile; fileRef = C32DD964170C614D00D11883 /* fmtimer.cpp */; };
		C32DD986170C614D00D11883 /* opm.cpp in Sources */ = {isa = PBXBuildFile; fileRef = C32DD968170C614D00D11883 /* opm.cpp */; };
		C32DD98B170C614D00D11883 /* so.cpp in Sources */ = {isa = PBXBuildFile; fileRef = C32DD973170C614D00D11883 /* so.cpp */; };
		C32DD98D170C614D00D11883 /* pcm8.cpp in Sources */ = {isa = PBXBuildFile; fileRef = C32DD977170C614D00D11883 /* pcm8.cpp */; };
		C32DD98E170C614D00D11883 /* x68pcm8.cpp in Sources */ = {isa = PBXBuildFile; fileRef = C32DD979170C614D00D11883 /* x68pcm8.cpp */; };
		C32DD991170C61C800D11883 /* AudioToolbox.framework in Frameworks */ = {isa = PBXBuildFile; fileRef = C32DD98F170C61C800D11883 /* AudioToolbox.framework */; };
		C32DD992170C61C800D11883 /* AVFoundation.framework in Frameworks */ = {isa = PBXBuildFile; fileRef = C32DD990170C61C800D11883 /* AVFoundation.framework */; };
		C32DD994170C61D300D11883 /* CoreAudio.framework in Frameworks */ = {isa = PBXBuildFile; fileRef = C32DD993170C61D300D11883 /* CoreAudio.framework */; };
		C32DD999170C6DCC00D11883 /* buildin in Resources */ = {isa = PBXBuildFile; fileRef = C32DD998170C6DCC00D11883 /* buildin */; };
		C32DD99E170C9F1100D11883 /* QuartzCore.framework in Frameworks */ = {isa = PBXBuildFile; fileRef = C32DD99D170C9F1100D11883 /* QuartzCore.framework */; };
		C32DD9A0170CA54B00D11883 /* MediaPlayer.framework in Frameworks */ = {isa = PBXBuildFile; fileRef = C32DD99F170CA54B00D11883 /* MediaPlayer.framework */; };
		C32DDA821710451E00D11883 /* CFNetwork.framework in Frameworks */ = {isa = PBXBuildFile; fileRef = C32DDA811710451E00D11883 /* CFNetwork.framework */; };
		C32DDA851710453C00D11883 /* Security.framework in Frameworks */ = {isa = PBXBuildFile; fileRef = C32DDA831710453C00D11883 /* Security.framework */; };
		C32DDA861710453C00D11883 /* SystemConfiguration.framework in Frameworks */ = {isa = PBXBuildFile; fileRef = C32DDA841710453C00D11883 /* SystemConfiguration.framework */; };
		C32FC9B21D63845800971AAD /* KH-Dot-Kodenmachou-16-Ki.ttf in Resources */ = {isa = PBXBuildFile; fileRef = C32FC9B11D63837500971AAD /* KH-Dot-Kodenmachou-16-Ki.ttf */; };
		C32FE22E1D5F044200C61197 /* ListVC.swift in Sources */ = {isa = PBXBuildFile; fileRef = C32FE22D1D5F044200C61197 /* ListVC.swift */; };
		C32FE2301D604B1B00C61197 /* Media.xcassets in Resources */ = {isa = PBXBuildFile; fileRef = C32FE22F1D604B1B00C61197 /* Media.xcassets */; };
		C345FDAD1D7176EE009B15E8 /* PlayView.swift in Sources */ = {isa = PBXBuildFile; fileRef = C345FDAC1D7176EE009B15E8 /* PlayView.swift */; };
		C345FDAF1D717737009B15E8 /* DropboxListVC.swift in Sources */ = {isa = PBXBuildFile; fileRef = C345FDAE1D717737009B15E8 /* DropboxListVC.swift */; };
		C345FDB11D717743009B15E8 /* HistoryListVC.swift in Sources */ = {isa = PBXBuildFile; fileRef = C345FDB01D717743009B15E8 /* HistoryListVC.swift */; };
		C345FDBB1D71781B009B15E8 /* KeyboardBitmap.m in Sources */ = {isa = PBXBuildFile; fileRef = C345FDB41D71781B009B15E8 /* KeyboardBitmap.m */; };
		C345FDBC1D71781B009B15E8 /* Player.m in Sources */ = {isa = PBXBuildFile; fileRef = C345FDB61D71781B009B15E8 /* Player.m */; };
		C345FDBD1D71781B009B15E8 /* SpeanaBitmap.m in Sources */ = {isa = PBXBuildFile; fileRef = C345FDB81D71781B009B15E8 /* SpeanaBitmap.m */; };
		C345FDBE1D71781B009B15E8 /* trackinfo.m in Sources */ = {isa = PBXBuildFile; fileRef = C345FDBA1D71781B009B15E8 /* trackinfo.m */; };
		C34988F81D8EC80700167ADA /* mdxplayerUITests.swift in Sources */ = {isa = PBXBuildFile; fileRef = C34988F71D8EC80700167ADA /* mdxplayerUITests.swift */; };
		C37AB39317113AEC004780D3 /* InfoPlist.strings in Resources */ = {isa = PBXBuildFile; fileRef = C37AB37A17113AEC004780D3 /* InfoPlist.strings */; };
		C37AB39417113AEC004780D3 /* MainStoryboard.storyboard in Resources */ = {isa = PBXBuildFile; fileRef = C37AB37C17113AEC004780D3 /* MainStoryboard.storyboard */; };
		C37AB39617113AEC004780D3 /* mdxplayer.entitlements in Resources */ = {isa = PBXBuildFile; fileRef = C37AB38017113AEC004780D3 /* mdxplayer.entitlements */; };
		C37AB39717113AEC004780D3 /* s2utbl.dat in Resources */ = {isa = PBXBuildFile; fileRef = C37AB38117113AEC004780D3 /* s2utbl.dat */; };
		C37CDDCC196E3056001E3700 /* Images.xcassets in Resources */ = {isa = PBXBuildFile; fileRef = C37CDDCB196E3056001E3700 /* Images.xcassets */; };
		C3A21BF91D8ECD08002F01A1 /* SnapshotHelper.swift in Sources */ = {isa = PBXBuildFile; fileRef = C3A21BF81D8ECD08002F01A1 /* SnapshotHelper.swift */; };
		C3D59ABA1D791E6C00CF2F6E /* RootListVC.swift in Sources */ = {isa = PBXBuildFile; fileRef = C3D59AB91D791E6C00CF2F6E /* RootListVC.swift */; };
		C3F0AC091D3232E400C252EC /* AppDelegate.swift in Sources */ = {isa = PBXBuildFile; fileRef = C3F0AC041D3232E400C252EC /* AppDelegate.swift */; };
		C3F0AC0B1D3232E400C252EC /* InfoVC.swift in Sources */ = {isa = PBXBuildFile; fileRef = C3F0AC061D3232E400C252EC /* InfoVC.swift */; };
		C3FC5E5E1D8931CE006B696A /* Launch Screen.storyboard in Resources */ = {isa = PBXBuildFile; fileRef = C3FC5E5D1D8931CE006B696A /* Launch Screen.storyboard */; };
		CFA5C550F36D014A91533C96 /* Pods_mdxplayer.framework in Frameworks */ = {isa = PBXBuildFile; fileRef = 18C5756025C4A1B8895623A3 /* Pods_mdxplayer.framework */; };
		F8350FF11D9C8D9A00A9B239 /* lzx042.c in Sources */ = {isa = PBXBuildFile; fileRef = F8350FEF1D9C8D9A00A9B239 /* lzx042.c */; };
/* End PBXBuildFile section */

/* Begin PBXContainerItemProxy section */
		C34988FA1D8EC80700167ADA /* PBXContainerItemProxy */ = {
			isa = PBXContainerItemProxy;
			containerPortal = C32DD924170C610800D11883 /* Project object */;
			proxyType = 1;
			remoteGlobalIDString = C32DD92B170C610900D11883;
			remoteInfo = mdxplayer;
		};
/* End PBXContainerItemProxy section */

/* Begin PBXFileReference section */
		18C5756025C4A1B8895623A3 /* Pods_mdxplayer.framework */ = {isa = PBXFileReference; explicitFileType = wrapper.framework; includeInIndex = 0; path = Pods_mdxplayer.framework; sourceTree = BUILT_PRODUCTS_DIR; };
		7C7453DBC0459ED17CA4BB53 /* Pods-mdxplayer.debug.xcconfig */ = {isa = PBXFileReference; includeInIndex = 1; lastKnownFileType = text.xcconfig; name = "Pods-mdxplayer.debug.xcconfig"; path = "Pods/Target Support Files/Pods-mdxplayer/Pods-mdxplayer.debug.xcconfig"; sourceTree = "<group>"; };
		C30C893E1D7B299200908D62 /* Auxiliary.swift */ = {isa = PBXFileReference; fileEncoding = 4; lastKnownFileType = sourcecode.swift; path = Auxiliary.swift; sourceTree = "<group>"; };
		C30C893F1D7B299200908D62 /* NSextension.swift */ = {isa = PBXFileReference; fileEncoding = 4; lastKnownFileType = sourcecode.swift; path = NSextension.swift; sourceTree = "<group>"; };
		C30C89401D7B299200908D62 /* UIextension.swift */ = {isa = PBXFileReference; fileEncoding = 4; lastKnownFileType = sourcecode.swift; path = UIextension.swift; sourceTree = "<group>"; };
		C32DD92C170C610900D11883 /* mdxplayer.app */ = {isa = PBXFileReference; explicitFileType = wrapper.application; includeInIndex = 0; path = mdxplayer.app; sourceTree = BUILT_PRODUCTS_DIR; };
		C32DD92F170C610900D11883 /* UIKit.framework */ = {isa = PBXFileReference; lastKnownFileType = wrapper.framework; name = UIKit.framework; path = System/Library/Frameworks/UIKit.framework; sourceTree = SDKROOT; };
		C32DD931170C610900D11883 /* Foundation.framework */ = {isa = PBXFileReference; lastKnownFileType = wrapper.framework; name = Foundation.framework; path = System/Library/Frameworks/Foundation.framework; sourceTree = SDKROOT; };
		C32DD933170C610900D11883 /* CoreGraphics.framework */ = {isa = PBXFileReference; lastKnownFileType = wrapper.framework; name = CoreGraphics.framework; path = System/Library/Frameworks/CoreGraphics.framework; sourceTree = SDKROOT; };
		C32DD95A170C614D00D11883 /* downsample.cpp */ = {isa = PBXFileReference; fileEncoding = 4; lastKnownFileType = sourcecode.cpp.cpp; path = downsample.cpp; sourceTree = "<group>"; };
		C32DD95B170C614D00D11883 /* downsample.h */ = {isa = PBXFileReference; fileEncoding = 4; lastKnownFileType = sourcecode.c.h; path = downsample.h; sourceTree = "<group>"; };
		C32DD95C170C614D00D11883 /* global.h */ = {isa = PBXFileReference; fileEncoding = 4; lastKnownFileType = sourcecode.c.h; path = global.h; sourceTree = "<group>"; };
		C32DD95D170C614D00D11883 /* lowpass_44.dat */ = {isa = PBXFileReference; fileEncoding = 4; lastKnownFileType = text; path = lowpass_44.dat; sourceTree = "<group>"; };
		C32DD95E170C614D00D11883 /* lowpass_48.dat */ = {isa = PBXFileReference; fileEncoding = 4; lastKnownFileType = text; path = lowpass_48.dat; sourceTree = "<group>"; };
		C32DD960170C614D00D11883 /* diag.h */ = {isa = PBXFileReference; fileEncoding = 4; lastKnownFileType = sourcecode.c.h; path = diag.h; sourceTree = "<group>"; };
		C32DD961170C614D00D11883 /* fmgen.cpp */ = {isa = PBXFileReference; fileEncoding = 4; lastKnownFileType = sourcecode.cpp.cpp; path = fmgen.cpp; sourceTree = "<group>"; };
		C32DD962170C614D00D11883 /* fmgen.h */ = {isa = PBXFileReference; fileEncoding = 4; lastKnownFileType = sourcecode.c.h; path = fmgen.h; sourceTree = "<group>"; };
		C32DD963170C614D00D11883 /* fmgeninl.h */ = {isa = PBXFileReference; fileEncoding = 4; lastKnownFileType = sourcecode.c.h; path = fmgeninl.h; sourceTree = "<group>"; };
		C32DD964170C614D00D11883 /* fmtimer.cpp */ = {isa = PBXFileReference; fileEncoding = 4; lastKnownFileType = sourcecode.cpp.cpp; path = fmtimer.cpp; sourceTree = "<group>"; };
		C32DD965170C614D00D11883 /* fmtimer.h */ = {isa = PBXFileReference; fileEncoding = 4; lastKnownFileType = sourcecode.c.h; path = fmtimer.h; sourceTree = "<group>"; };
		C32DD966170C614D00D11883 /* headers.h */ = {isa = PBXFileReference; fileEncoding = 4; lastKnownFileType = sourcecode.c.h; path = headers.h; sourceTree = "<group>"; };
		C32DD967170C614D00D11883 /* misc.h */ = {isa = PBXFileReference; fileEncoding = 4; lastKnownFileType = sourcecode.c.h; path = misc.h; sourceTree = "<group>"; };
		C32DD968170C614D00D11883 /* opm.cpp */ = {isa = PBXFileReference; fileEncoding = 4; lastKnownFileType = sourcecode.cpp.cpp; path = opm.cpp; sourceTree = "<group>"; };
		C32DD969170C614D00D11883 /* opm.h */ = {isa = PBXFileReference; fileEncoding = 4; lastKnownFileType = sourcecode.c.h; path = opm.h; sourceTree = "<group>"; };
		C32DD970170C614D00D11883 /* mxdrvg.h */ = {isa = PBXFileReference; fileEncoding = 4; lastKnownFileType = sourcecode.c.h; path = mxdrvg.h; sourceTree = "<group>"; };
		C32DD971170C614D00D11883 /* mxdrvg_core.h */ = {isa = PBXFileReference; fileEncoding = 4; lastKnownFileType = sourcecode.c.h; path = mxdrvg_core.h; sourceTree = "<group>"; };
		C32DD972170C614D00D11883 /* mxdrvg_depend.h */ = {isa = PBXFileReference; fileEncoding = 4; lastKnownFileType = sourcecode.c.h; path = mxdrvg_depend.h; sourceTree = "<group>"; };
		C32DD973170C614D00D11883 /* so.cpp */ = {isa = PBXFileReference; fileEncoding = 4; lastKnownFileType = sourcecode.cpp.cpp; path = so.cpp; sourceTree = "<group>"; };
		C32DD976170C614D00D11883 /* global.h */ = {isa = PBXFileReference; fileEncoding = 4; lastKnownFileType = sourcecode.c.h; path = global.h; sourceTree = "<group>"; };
		C32DD977170C614D00D11883 /* pcm8.cpp */ = {isa = PBXFileReference; fileEncoding = 4; lastKnownFileType = sourcecode.cpp.cpp; path = pcm8.cpp; sourceTree = "<group>"; };
		C32DD978170C614D00D11883 /* pcm8.h */ = {isa = PBXFileReference; fileEncoding = 4; lastKnownFileType = sourcecode.c.h; path = pcm8.h; sourceTree = "<group>"; };
		C32DD979170C614D00D11883 /* x68pcm8.cpp */ = {isa = PBXFileReference; fileEncoding = 4; lastKnownFileType = sourcecode.cpp.cpp; path = x68pcm8.cpp; sourceTree = "<group>"; };
		C32DD97A170C614D00D11883 /* x68pcm8.h */ = {isa = PBXFileReference; fileEncoding = 4; lastKnownFileType = sourcecode.c.h; path = x68pcm8.h; sourceTree = "<group>"; };
		C32DD97B170C614D00D11883 /* types.h */ = {isa = PBXFileReference; fileEncoding = 4; lastKnownFileType = sourcecode.c.h; path = types.h; sourceTree = "<group>"; };
		C32DD98F170C61C800D11883 /* AudioToolbox.framework */ = {isa = PBXFileReference; lastKnownFileType = wrapper.framework; name = AudioToolbox.framework; path = System/Library/Frameworks/AudioToolbox.framework; sourceTree = SDKROOT; };
		C32DD990170C61C800D11883 /* AVFoundation.framework */ = {isa = PBXFileReference; lastKnownFileType = wrapper.framework; name = AVFoundation.framework; path = System/Library/Frameworks/AVFoundation.framework; sourceTree = SDKROOT; };
		C32DD993170C61D300D11883 /* CoreAudio.framework */ = {isa = PBXFileReference; lastKnownFileType = wrapper.framework; name = CoreAudio.framework; path = System/Library/Frameworks/CoreAudio.framework; sourceTree = SDKROOT; };
		C32DD998170C6DCC00D11883 /* buildin */ = {isa = PBXFileReference; lastKnownFileType = folder; path = buildin; sourceTree = "<group>"; };
		C32DD99D170C9F1100D11883 /* QuartzCore.framework */ = {isa = PBXFileReference; lastKnownFileType = wrapper.framework; name = QuartzCore.framework; path = System/Library/Frameworks/QuartzCore.framework; sourceTree = SDKROOT; };
		C32DD99F170CA54B00D11883 /* MediaPlayer.framework */ = {isa = PBXFileReference; lastKnownFileType = wrapper.framework; name = MediaPlayer.framework; path = System/Library/Frameworks/MediaPlayer.framework; sourceTree = SDKROOT; };
		C32DDA811710451E00D11883 /* CFNetwork.framework */ = {isa = PBXFileReference; lastKnownFileType = wrapper.framework; name = CFNetwork.framework; path = System/Library/Frameworks/CFNetwork.framework; sourceTree = SDKROOT; };
		C32DDA831710453C00D11883 /* Security.framework */ = {isa = PBXFileReference; lastKnownFileType = wrapper.framework; name = Security.framework; path = System/Library/Frameworks/Security.framework; sourceTree = SDKROOT; };
		C32DDA841710453C00D11883 /* SystemConfiguration.framework */ = {isa = PBXFileReference; lastKnownFileType = wrapper.framework; name = SystemConfiguration.framework; path = System/Library/Frameworks/SystemConfiguration.framework; sourceTree = SDKROOT; };
		C32FC9B11D63837500971AAD /* KH-Dot-Kodenmachou-16-Ki.ttf */ = {isa = PBXFileReference; lastKnownFileType = file; path = "KH-Dot-Kodenmachou-16-Ki.ttf"; sourceTree = "<group>"; };
		C32FE22D1D5F044200C61197 /* ListVC.swift */ = {isa = PBXFileReference; fileEncoding = 4; lastKnownFileType = sourcecode.swift; path = ListVC.swift; sourceTree = "<group>"; };
		C32FE22F1D604B1B00C61197 /* Media.xcassets */ = {isa = PBXFileReference; lastKnownFileType = folder.assetcatalog; path = Media.xcassets; sourceTree = "<group>"; };
		C345FDAC1D7176EE009B15E8 /* PlayView.swift */ = {isa = PBXFileReference; fileEncoding = 4; lastKnownFileType = sourcecode.swift; path = PlayView.swift; sourceTree = "<group>"; };
		C345FDAE1D717737009B15E8 /* DropboxListVC.swift */ = {isa = PBXFileReference; fileEncoding = 4; lastKnownFileType = sourcecode.swift; path = DropboxListVC.swift; sourceTree = "<group>"; };
		C345FDB01D717743009B15E8 /* HistoryListVC.swift */ = {isa = PBXFileReference; fileEncoding = 4; lastKnownFileType = sourcecode.swift; path = HistoryListVC.swift; sourceTree = "<group>"; };
		C345FDB31D71781B009B15E8 /* KeyboardBitmap.h */ = {isa = PBXFileReference; fileEncoding = 4; lastKnownFileType = sourcecode.c.h; path = KeyboardBitmap.h; sourceTree = "<group>"; };
		C345FDB41D71781B009B15E8 /* KeyboardBitmap.m */ = {isa = PBXFileReference; fileEncoding = 4; lastKnownFileType = sourcecode.c.objc; path = KeyboardBitmap.m; sourceTree = "<group>"; };
		C345FDB51D71781B009B15E8 /* Player.h */ = {isa = PBXFileReference; fileEncoding = 4; lastKnownFileType = sourcecode.c.h; path = Player.h; sourceTree = "<group>"; };
		C345FDB61D71781B009B15E8 /* Player.m */ = {isa = PBXFileReference; fileEncoding = 4; lastKnownFileType = sourcecode.c.objc; path = Player.m; sourceTree = "<group>"; };
		C345FDB71D71781B009B15E8 /* SpeanaBitmap.h */ = {isa = PBXFileReference; fileEncoding = 4; lastKnownFileType = sourcecode.c.h; path = SpeanaBitmap.h; sourceTree = "<group>"; };
		C345FDB81D71781B009B15E8 /* SpeanaBitmap.m */ = {isa = PBXFileReference; fileEncoding = 4; lastKnownFileType = sourcecode.c.objc; path = SpeanaBitmap.m; sourceTree = "<group>"; };
		C345FDB91D71781B009B15E8 /* trackinfo.h */ = {isa = PBXFileReference; fileEncoding = 4; lastKnownFileType = sourcecode.c.h; path = trackinfo.h; sourceTree = "<group>"; };
		C345FDBA1D71781B009B15E8 /* trackinfo.m */ = {isa = PBXFileReference; fileEncoding = 4; lastKnownFileType = sourcecode.c.objc; path = trackinfo.m; sourceTree = "<group>"; };
		C34988F51D8EC80700167ADA /* mdxplayerUITests.xctest */ = {isa = PBXFileReference; explicitFileType = wrapper.cfbundle; includeInIndex = 0; path = mdxplayerUITests.xctest; sourceTree = BUILT_PRODUCTS_DIR; };
		C34988F71D8EC80700167ADA /* mdxplayerUITests.swift */ = {isa = PBXFileReference; lastKnownFileType = sourcecode.swift; path = mdxplayerUITests.swift; sourceTree = "<group>"; };
		C34988F91D8EC80700167ADA /* Info.plist */ = {isa = PBXFileReference; lastKnownFileType = text.plist.xml; path = Info.plist; sourceTree = "<group>"; };
		C37AB37B17113AEC004780D3 /* en */ = {isa = PBXFileReference; lastKnownFileType = text.plist.strings; name = en; path = en.lproj/InfoPlist.strings; sourceTree = "<group>"; };
		C37AB37D17113AEC004780D3 /* en */ = {isa = PBXFileReference; lastKnownFileType = file.storyboard; name = en; path = en.lproj/MainStoryboard.storyboard; sourceTree = "<group>"; };
		C37AB37E17113AEC004780D3 /* mdxplayer-Info.plist */ = {isa = PBXFileReference; fileEncoding = 4; lastKnownFileType = text.plist.xml; path = "mdxplayer-Info.plist"; sourceTree = "<group>"; };
		C37AB37F17113AEC004780D3 /* mdxplayer-Prefix.pch */ = {isa = PBXFileReference; fileEncoding = 4; lastKnownFileType = sourcecode.c.h; path = "mdxplayer-Prefix.pch"; sourceTree = "<group>"; };
		C37AB38017113AEC004780D3 /* mdxplayer.entitlements */ = {isa = PBXFileReference; fileEncoding = 4; lastKnownFileType = text.xml; path = mdxplayer.entitlements; sourceTree = "<group>"; };
		C37AB38117113AEC004780D3 /* s2utbl.dat */ = {isa = PBXFileReference; lastKnownFileType = file; path = s2utbl.dat; sourceTree = "<group>"; };
		C37CDDCB196E3056001E3700 /* Images.xcassets */ = {isa = PBXFileReference; lastKnownFileType = folder.assetcatalog; path = Images.xcassets; sourceTree = "<group>"; };
		C3A21BF81D8ECD08002F01A1 /* SnapshotHelper.swift */ = {isa = PBXFileReference; fileEncoding = 4; lastKnownFileType = sourcecode.swift; path = SnapshotHelper.swift; sourceTree = "<group>"; };
		C3D59AB91D791E6C00CF2F6E /* RootListVC.swift */ = {isa = PBXFileReference; fileEncoding = 4; lastKnownFileType = sourcecode.swift; path = RootListVC.swift; sourceTree = "<group>"; };
		C3F0AC031D3232E300C252EC /* mdxplayer-Bridging-Header.h */ = {isa = PBXFileReference; lastKnownFileType = sourcecode.c.h; path = "mdxplayer-Bridging-Header.h"; sourceTree = "<group>"; };
		C3F0AC041D3232E400C252EC /* AppDelegate.swift */ = {isa = PBXFileReference; fileEncoding = 4; lastKnownFileType = sourcecode.swift; path = AppDelegate.swift; sourceTree = "<group>"; };
		C3F0AC061D3232E400C252EC /* InfoVC.swift */ = {isa = PBXFileReference; fileEncoding = 4; lastKnownFileType = sourcecode.swift; path = InfoVC.swift; sourceTree = "<group>"; };
		C3FC5E5D1D8931CE006B696A /* Launch Screen.storyboard */ = {isa = PBXFileReference; fileEncoding = 4; lastKnownFileType = file.storyboard; path = "Launch Screen.storyboard"; sourceTree = "<group>"; };
		F0633E8A337BE7F7E048A522 /* Pods-mdxplayer.release.xcconfig */ = {isa = PBXFileReference; includeInIndex = 1; lastKnownFileType = text.xcconfig; name = "Pods-mdxplayer.release.xcconfig"; path = "Pods/Target Support Files/Pods-mdxplayer/Pods-mdxplayer.release.xcconfig"; sourceTree = "<group>"; };
		F8350FEF1D9C8D9A00A9B239 /* lzx042.c */ = {isa = PBXFileReference; fileEncoding = 4; lastKnownFileType = sourcecode.c.c; path = lzx042.c; sourceTree = "<group>"; };
		F8350FF01D9C8D9A00A9B239 /* lzx042.h */ = {isa = PBXFileReference; fileEncoding = 4; lastKnownFileType = sourcecode.c.h; path = lzx042.h; sourceTree = "<group>"; };
/* End PBXFileReference section */

/* Begin PBXFrameworksBuildPhase section */
		C32DD929170C610900D11883 /* Frameworks */ = {
			isa = PBXFrameworksBuildPhase;
			buildActionMask = 2147483647;
			files = (
				C32DDA851710453C00D11883 /* Security.framework in Frameworks */,
				C32DDA861710453C00D11883 /* SystemConfiguration.framework in Frameworks */,
				C32DDA821710451E00D11883 /* CFNetwork.framework in Frameworks */,
				C32DD9A0170CA54B00D11883 /* MediaPlayer.framework in Frameworks */,
				C32DD99E170C9F1100D11883 /* QuartzCore.framework in Frameworks */,
				C32DD994170C61D300D11883 /* CoreAudio.framework in Frameworks */,
				C32DD991170C61C800D11883 /* AudioToolbox.framework in Frameworks */,
				C32DD992170C61C800D11883 /* AVFoundation.framework in Frameworks */,
				C32DD930170C610900D11883 /* UIKit.framework in Frameworks */,
				C32DD932170C610900D11883 /* Foundation.framework in Frameworks */,
				C32DD934170C610900D11883 /* CoreGraphics.framework in Frameworks */,
				CFA5C550F36D014A91533C96 /* Pods_mdxplayer.framework in Frameworks */,
			);
			runOnlyForDeploymentPostprocessing = 0;
		};
		C34988F21D8EC80700167ADA /* Frameworks */ = {
			isa = PBXFrameworksBuildPhase;
			buildActionMask = 2147483647;
			files = (
			);
			runOnlyForDeploymentPostprocessing = 0;
		};
/* End PBXFrameworksBuildPhase section */

/* Begin PBXGroup section */
		BD935862157769666E1A9107 /* Pods */ = {
			isa = PBXGroup;
			children = (
				7C7453DBC0459ED17CA4BB53 /* Pods-mdxplayer.debug.xcconfig */,
				F0633E8A337BE7F7E048A522 /* Pods-mdxplayer.release.xcconfig */,
			);
			name = Pods;
			sourceTree = "<group>";
		};
		C30C893D1D7B299200908D62 /* lib */ = {
			isa = PBXGroup;
			children = (
				C30C893E1D7B299200908D62 /* Auxiliary.swift */,
				C30C893F1D7B299200908D62 /* NSextension.swift */,
				C30C89401D7B299200908D62 /* UIextension.swift */,
			);
			path = lib;
			sourceTree = "<group>";
		};
		C32DD923170C610800D11883 = {
			isa = PBXGroup;
			children = (
				C32DD998170C6DCC00D11883 /* buildin */,
				C37AB36117113AEC004780D3 /* classes */,
				C34988F61D8EC80700167ADA /* mdxplayerUITests */,
				C32DD92E170C610900D11883 /* Frameworks */,
				C32DD952170C614D00D11883 /* gamdx */,
				C32DD92D170C610900D11883 /* Products */,
				C37AB37517113AEC004780D3 /* resources */,
				BD935862157769666E1A9107 /* Pods */,
			);
			sourceTree = "<group>";
		};
		C32DD92D170C610900D11883 /* Products */ = {
			isa = PBXGroup;
			children = (
				C32DD92C170C610900D11883 /* mdxplayer.app */,
				C34988F51D8EC80700167ADA /* mdxplayerUITests.xctest */,
			);
			name = Products;
			sourceTree = "<group>";
		};
		C32DD92E170C610900D11883 /* Frameworks */ = {
			isa = PBXGroup;
			children = (
				C32DDA811710451E00D11883 /* CFNetwork.framework */,
				C32DDA831710453C00D11883 /* Security.framework */,
				C32DDA841710453C00D11883 /* SystemConfiguration.framework */,
				C32DD99F170CA54B00D11883 /* MediaPlayer.framework */,
				C32DD99D170C9F1100D11883 /* QuartzCore.framework */,
				C32DD993170C61D300D11883 /* CoreAudio.framework */,
				C32DD98F170C61C800D11883 /* AudioToolbox.framework */,
				C32DD990170C61C800D11883 /* AVFoundation.framework */,
				C32DD92F170C610900D11883 /* UIKit.framework */,
				C32DD931170C610900D11883 /* Foundation.framework */,
				C32DD933170C610900D11883 /* CoreGraphics.framework */,
				18C5756025C4A1B8895623A3 /* Pods_mdxplayer.framework */,
			);
			name = Frameworks;
			sourceTree = "<group>";
		};
		C32DD952170C614D00D11883 /* gamdx */ = {
			isa = PBXGroup;
			children = (
				C32DD956170C614D00D11883 /* jni */,
			);
			path = gamdx;
			sourceTree = "<group>";
		};
		C32DD956170C614D00D11883 /* jni */ = {
			isa = PBXGroup;
			children = (
				C32DD959170C614D00D11883 /* downsample */,
				C32DD95F170C614D00D11883 /* fmgen */,
				C32DD96F170C614D00D11883 /* mxdrvg */,
				C32DD975170C614D00D11883 /* pcm8 */,
				C32DD97B170C614D00D11883 /* types.h */,
			);
			path = jni;
			sourceTree = "<group>";
		};
		C32DD959170C614D00D11883 /* downsample */ = {
			isa = PBXGroup;
			children = (
				C32DD95A170C614D00D11883 /* downsample.cpp */,
				C32DD95B170C614D00D11883 /* downsample.h */,
				C32DD95C170C614D00D11883 /* global.h */,
				C32DD95D170C614D00D11883 /* lowpass_44.dat */,
				C32DD95E170C614D00D11883 /* lowpass_48.dat */,
			);
			path = downsample;
			sourceTree = "<group>";
		};
		C32DD95F170C614D00D11883 /* fmgen */ = {
			isa = PBXGroup;
			children = (
				C32DD960170C614D00D11883 /* diag.h */,
				C32DD961170C614D00D11883 /* fmgen.cpp */,
				C32DD962170C614D00D11883 /* fmgen.h */,
				C32DD963170C614D00D11883 /* fmgeninl.h */,
				C32DD964170C614D00D11883 /* fmtimer.cpp */,
				C32DD965170C614D00D11883 /* fmtimer.h */,
				C32DD966170C614D00D11883 /* headers.h */,
				C32DD967170C614D00D11883 /* misc.h */,
				C32DD968170C614D00D11883 /* opm.cpp */,
				C32DD969170C614D00D11883 /* opm.h */,
			);
			path = fmgen;
			sourceTree = "<group>";
		};
		C32DD96F170C614D00D11883 /* mxdrvg */ = {
			isa = PBXGroup;
			children = (
				C32DD970170C614D00D11883 /* mxdrvg.h */,
				C32DD971170C614D00D11883 /* mxdrvg_core.h */,
				C32DD972170C614D00D11883 /* mxdrvg_depend.h */,
				C32DD973170C614D00D11883 /* so.cpp */,
			);
			path = mxdrvg;
			sourceTree = "<group>";
		};
		C32DD975170C614D00D11883 /* pcm8 */ = {
			isa = PBXGroup;
			children = (
				C32DD976170C614D00D11883 /* global.h */,
				C32DD977170C614D00D11883 /* pcm8.cpp */,
				C32DD978170C614D00D11883 /* pcm8.h */,
				C32DD979170C614D00D11883 /* x68pcm8.cpp */,
				C32DD97A170C614D00D11883 /* x68pcm8.h */,
			);
			path = pcm8;
			sourceTree = "<group>";
		};
		C345FDB21D71781B009B15E8 /* objc */ = {
			isa = PBXGroup;
			children = (
				C345FDB31D71781B009B15E8 /* KeyboardBitmap.h */,
				C345FDB41D71781B009B15E8 /* KeyboardBitmap.m */,
				C345FDB51D71781B009B15E8 /* Player.h */,
				C345FDB61D71781B009B15E8 /* Player.m */,
				F8350FEF1D9C8D9A00A9B239 /* lzx042.c */,
				F8350FF01D9C8D9A00A9B239 /* lzx042.h */,
				C345FDB71D71781B009B15E8 /* SpeanaBitmap.h */,
				C345FDB81D71781B009B15E8 /* SpeanaBitmap.m */,
				C345FDB91D71781B009B15E8 /* trackinfo.h */,
				C345FDBA1D71781B009B15E8 /* trackinfo.m */,
			);
			path = objc;
			sourceTree = "<group>";
		};
		C34988F61D8EC80700167ADA /* mdxplayerUITests */ = {
			isa = PBXGroup;
			children = (
				C3A21BF81D8ECD08002F01A1 /* SnapshotHelper.swift */,
				C34988F71D8EC80700167ADA /* mdxplayerUITests.swift */,
				C34988F91D8EC80700167ADA /* Info.plist */,
			);
			path = mdxplayerUITests;
			sourceTree = "<group>";
		};
		C37AB36117113AEC004780D3 /* classes */ = {
			isa = PBXGroup;
			children = (
				C30C893D1D7B299200908D62 /* lib */,
				C345FDB21D71781B009B15E8 /* objc */,
				C3F0AC041D3232E400C252EC /* AppDelegate.swift */,
				C345FDAE1D717737009B15E8 /* DropboxListVC.swift */,
				C345FDB01D717743009B15E8 /* HistoryListVC.swift */,
				C3F0AC061D3232E400C252EC /* InfoVC.swift */,
				C32FE22D1D5F044200C61197 /* ListVC.swift */,
				C3F0AC031D3232E300C252EC /* mdxplayer-Bridging-Header.h */,
				C345FDAC1D7176EE009B15E8 /* PlayView.swift */,
				C3D59AB91D791E6C00CF2F6E /* RootListVC.swift */,
			);
			path = classes;
			sourceTree = "<group>";
		};
		C37AB37517113AEC004780D3 /* resources */ = {
			isa = PBXGroup;
			children = (
				C32FC9B11D63837500971AAD /* KH-Dot-Kodenmachou-16-Ki.ttf */,
				C37CDDCB196E3056001E3700 /* Images.xcassets */,
				C37AB37A17113AEC004780D3 /* InfoPlist.strings */,
				C37AB37C17113AEC004780D3 /* MainStoryboard.storyboard */,
				C37AB37E17113AEC004780D3 /* mdxplayer-Info.plist */,
				C37AB37F17113AEC004780D3 /* mdxplayer-Prefix.pch */,
				C37AB38017113AEC004780D3 /* mdxplayer.entitlements */,
				C37AB38117113AEC004780D3 /* s2utbl.dat */,
				C32FE22F1D604B1B00C61197 /* Media.xcassets */,
				C3FC5E5D1D8931CE006B696A /* Launch Screen.storyboard */,
			);
			path = resources;
			sourceTree = "<group>";
		};
/* End PBXGroup section */

/* Begin PBXNativeTarget section */
		C32DD92B170C610900D11883 /* mdxplayer */ = {
			isa = PBXNativeTarget;
			buildConfigurationList = C32DD94F170C610900D11883 /* Build configuration list for PBXNativeTarget "mdxplayer" */;
			buildPhases = (
				5EE140CE401CCAD7C2A64FBB /* [CP] Check Pods Manifest.lock */,
				C32DD928170C610900D11883 /* Sources */,
				C32DD929170C610900D11883 /* Frameworks */,
				C32DD92A170C610900D11883 /* Resources */,
				DC39E6297E5849066A8FDAF2 /* [CP] Embed Pods Frameworks */,
				AA803669E2A757282A81C5E9 /* [CP] Copy Pods Resources */,
			);
			buildRules = (
			);
			dependencies = (
			);
			name = mdxplayer;
			productName = mdxplayer;
			productReference = C32DD92C170C610900D11883 /* mdxplayer.app */;
			productType = "com.apple.product-type.application";
		};
		C34988F41D8EC80700167ADA /* mdxplayerUITests */ = {
			isa = PBXNativeTarget;
			buildConfigurationList = C34988FE1D8EC80700167ADA /* Build configuration list for PBXNativeTarget "mdxplayerUITests" */;
			buildPhases = (
				C34988F11D8EC80700167ADA /* Sources */,
				C34988F21D8EC80700167ADA /* Frameworks */,
				C34988F31D8EC80700167ADA /* Resources */,
			);
			buildRules = (
			);
			dependencies = (
				C34988FB1D8EC80700167ADA /* PBXTargetDependency */,
			);
			name = mdxplayerUITests;
			productName = mdxplayerUITests;
			productReference = C34988F51D8EC80700167ADA /* mdxplayerUITests.xctest */;
			productType = "com.apple.product-type.bundle.ui-testing";
		};
/* End PBXNativeTarget section */

/* Begin PBXProject section */
		C32DD924170C610800D11883 /* Project object */ = {
			isa = PBXProject;
			attributes = {
				LastSwiftUpdateCheck = 0730;
				LastUpgradeCheck = 0800;
				ORGANIZATIONNAME = asada;
				TargetAttributes = {
					C32DD92B170C610900D11883 = {
						DevelopmentTeam = 5E2LE3SXM6;
						SystemCapabilities = {
							com.apple.Keychain = {
								enabled = 0;
							};
						};
					};
					C34988F41D8EC80700167ADA = {
						CreatedOnToolsVersion = 7.3.1;
						TestTargetID = C32DD92B170C610900D11883;
					};
				};
			};
			buildConfigurationList = C32DD927170C610800D11883 /* Build configuration list for PBXProject "mdxplayer" */;
			compatibilityVersion = "Xcode 3.2";
			developmentRegion = English;
			hasScannedForEncodings = 0;
			knownRegions = (
				en,
			);
			mainGroup = C32DD923170C610800D11883;
			productRefGroup = C32DD92D170C610900D11883 /* Products */;
			projectDirPath = "";
			projectRoot = "";
			targets = (
				C32DD92B170C610900D11883 /* mdxplayer */,
				C34988F41D8EC80700167ADA /* mdxplayerUITests */,
			);
		};
/* End PBXProject section */

/* Begin PBXResourcesBuildPhase section */
		C32DD92A170C610900D11883 /* Resources */ = {
			isa = PBXResourcesBuildPhase;
			buildActionMask = 2147483647;
			files = (
				C32FC9B21D63845800971AAD /* KH-Dot-Kodenmachou-16-Ki.ttf in Resources */,
				C32DD982170C614D00D11883 /* lowpass_44.dat in Resources */,
				C32DD983170C614D00D11883 /* lowpass_48.dat in Resources */,
				C37CDDCC196E3056001E3700 /* Images.xcassets in Resources */,
				C32DD999170C6DCC00D11883 /* buildin in Resources */,
				C32FE2301D604B1B00C61197 /* Media.xcassets in Resources */,
				C3FC5E5E1D8931CE006B696A /* Launch Screen.storyboard in Resources */,
				C37AB39317113AEC004780D3 /* InfoPlist.strings in Resources */,
				C37AB39417113AEC004780D3 /* MainStoryboard.storyboard in Resources */,
				C37AB39617113AEC004780D3 /* mdxplayer.entitlements in Resources */,
				C37AB39717113AEC004780D3 /* s2utbl.dat in Resources */,
			);
			runOnlyForDeploymentPostprocessing = 0;
		};
		C34988F31D8EC80700167ADA /* Resources */ = {
			isa = PBXResourcesBuildPhase;
			buildActionMask = 2147483647;
			files = (
			);
			runOnlyForDeploymentPostprocessing = 0;
		};
/* End PBXResourcesBuildPhase section */

/* Begin PBXShellScriptBuildPhase section */
		5EE140CE401CCAD7C2A64FBB /* [CP] Check Pods Manifest.lock */ = {
			isa = PBXShellScriptBuildPhase;
			buildActionMask = 2147483647;
			files = (
			);
			inputPaths = (
			);
			name = "[CP] Check Pods Manifest.lock";
			outputPaths = (
			);
			runOnlyForDeploymentPostprocessing = 0;
			shellPath = /bin/sh;
			shellScript = "diff \"${PODS_ROOT}/../Podfile.lock\" \"${PODS_ROOT}/Manifest.lock\" > /dev/null\nif [ $? != 0 ] ; then\n    # print error to STDERR\n    echo \"error: The sandbox is not in sync with the Podfile.lock. Run 'pod install' or update your CocoaPods installation.\" >&2\n    exit 1\nfi\n";
			showEnvVarsInLog = 0;
		};
		AA803669E2A757282A81C5E9 /* [CP] Copy Pods Resources */ = {
			isa = PBXShellScriptBuildPhase;
			buildActionMask = 2147483647;
			files = (
			);
			inputPaths = (
			);
			name = "[CP] Copy Pods Resources";
			outputPaths = (
			);
			runOnlyForDeploymentPostprocessing = 0;
			shellPath = /bin/sh;
			shellScript = "\"${SRCROOT}/Pods/Target Support Files/Pods-mdxplayer/Pods-mdxplayer-resources.sh\"\n";
			showEnvVarsInLog = 0;
		};
		DC39E6297E5849066A8FDAF2 /* [CP] Embed Pods Frameworks */ = {
			isa = PBXShellScriptBuildPhase;
			buildActionMask = 2147483647;
			files = (
			);
			inputPaths = (
			);
			name = "[CP] Embed Pods Frameworks";
			outputPaths = (
			);
			runOnlyForDeploymentPostprocessing = 0;
			shellPath = /bin/sh;
			shellScript = "\"${SRCROOT}/Pods/Target Support Files/Pods-mdxplayer/Pods-mdxplayer-frameworks.sh\"\n";
			showEnvVarsInLog = 0;
		};
/* End PBXShellScriptBuildPhase section */

/* Begin PBXSourcesBuildPhase section */
		C32DD928170C610900D11883 /* Sources */ = {
			isa = PBXSourcesBuildPhase;
			buildActionMask = 2147483647;
			files = (
				C32DD981170C614D00D11883 /* downsample.cpp in Sources */,
				C32DD984170C614D00D11883 /* fmgen.cpp in Sources */,
				C32DD985170C614D00D11883 /* fmtimer.cpp in Sources */,
				C345FDB11D717743009B15E8 /* HistoryListVC.swift in Sources */,
				C345FDBC1D71781B009B15E8 /* Player.m in Sources */,
				C30C89411D7B299200908D62 /* Auxiliary.swift in Sources */,
				C3F0AC091D3232E400C252EC /* AppDelegate.swift in Sources */,
				C32DD986170C614D00D11883 /* opm.cpp in Sources */,
				C32DD98B170C614D00D11883 /* so.cpp in Sources */,
				C345FDBB1D71781B009B15E8 /* KeyboardBitmap.m in Sources */,
				C30C89421D7B299200908D62 /* NSextension.swift in Sources */,
				C345FDAD1D7176EE009B15E8 /* PlayView.swift in Sources */,
				C30C89431D7B299200908D62 /* UIextension.swift in Sources */,
				C345FDAF1D717737009B15E8 /* DropboxListVC.swift in Sources */,
				C32FE22E1D5F044200C61197 /* ListVC.swift in Sources */,
				C32DD98D170C614D00D11883 /* pcm8.cpp in Sources */,
				C32DD98E170C614D00D11883 /* x68pcm8.cpp in Sources */,
				C3D59ABA1D791E6C00CF2F6E /* RootListVC.swift in Sources */,
				C345FDBD1D71781B009B15E8 /* SpeanaBitmap.m in Sources */,
				F8350FF11D9C8D9A00A9B239 /* lzx042.c in Sources */,
				C3F0AC0B1D3232E400C252EC /* InfoVC.swift in Sources */,
				C345FDBE1D71781B009B15E8 /* trackinfo.m in Sources */,
			);
			runOnlyForDeploymentPostprocessing = 0;
		};
		C34988F11D8EC80700167ADA /* Sources */ = {
			isa = PBXSourcesBuildPhase;
			buildActionMask = 2147483647;
			files = (
				C34988F81D8EC80700167ADA /* mdxplayerUITests.swift in Sources */,
				C3A21BF91D8ECD08002F01A1 /* SnapshotHelper.swift in Sources */,
			);
			runOnlyForDeploymentPostprocessing = 0;
		};
/* End PBXSourcesBuildPhase section */

/* Begin PBXTargetDependency section */
		C34988FB1D8EC80700167ADA /* PBXTargetDependency */ = {
			isa = PBXTargetDependency;
			target = C32DD92B170C610900D11883 /* mdxplayer */;
			targetProxy = C34988FA1D8EC80700167ADA /* PBXContainerItemProxy */;
		};
/* End PBXTargetDependency section */

/* Begin PBXVariantGroup section */
		C37AB37A17113AEC004780D3 /* InfoPlist.strings */ = {
			isa = PBXVariantGroup;
			children = (
				C37AB37B17113AEC004780D3 /* en */,
			);
			name = InfoPlist.strings;
			sourceTree = "<group>";
		};
		C37AB37C17113AEC004780D3 /* MainStoryboard.storyboard */ = {
			isa = PBXVariantGroup;
			children = (
				C37AB37D17113AEC004780D3 /* en */,
			);
			name = MainStoryboard.storyboard;
			sourceTree = "<group>";
		};
/* End PBXVariantGroup section */

/* Begin XCBuildConfiguration section */
		C32DD94D170C610900D11883 /* Debug */ = {
			isa = XCBuildConfiguration;
			buildSettings = {
				ALWAYS_SEARCH_USER_PATHS = NO;
				CLANG_ENABLE_OBJC_ARC = YES;
				CLANG_WARN_BOOL_CONVERSION = YES;
				CLANG_WARN_CONSTANT_CONVERSION = YES;
				CLANG_WARN_EMPTY_BODY = YES;
				CLANG_WARN_ENUM_CONVERSION = YES;
				CLANG_WARN_INFINITE_RECURSION = YES;
				CLANG_WARN_INT_CONVERSION = YES;
				CLANG_WARN_SUSPICIOUS_MOVE = YES;
				CLANG_WARN_UNREACHABLE_CODE = YES;
				CLANG_WARN__DUPLICATE_METHOD_MATCH = YES;
				"CODE_SIGN_IDENTITY[sdk=iphoneos*]" = "iPhone Developer";
				COPY_PHASE_STRIP = NO;
				ENABLE_STRICT_OBJC_MSGSEND = YES;
				ENABLE_TESTABILITY = YES;
				GCC_C_LANGUAGE_STANDARD = gnu99;
				GCC_DYNAMIC_NO_PIC = NO;
				GCC_NO_COMMON_BLOCKS = YES;
				GCC_OPTIMIZATION_LEVEL = 0;
				GCC_PREPROCESSOR_DEFINITIONS = (
					"DEBUG=1",
					"$(inherited)",
				);
				GCC_SYMBOLS_PRIVATE_EXTERN = NO;
				GCC_WARN_64_TO_32_BIT_CONVERSION = YES;
				GCC_WARN_ABOUT_RETURN_TYPE = YES;
				GCC_WARN_CHECK_SWITCH_STATEMENTS = NO;
				GCC_WARN_UNDECLARED_SELECTOR = YES;
				GCC_WARN_UNINITIALIZED_AUTOS = YES;
				GCC_WARN_UNUSED_FUNCTION = YES;
				GCC_WARN_UNUSED_VARIABLE = YES;
				IPHONEOS_DEPLOYMENT_TARGET = 8.0;
				ONLY_ACTIVE_ARCH = YES;
				SDKROOT = iphoneos;
				SWIFT_VERSION = 3.0;
			};
			name = Debug;
		};
		C32DD94E170C610900D11883 /* Release */ = {
			isa = XCBuildConfiguration;
			buildSettings = {
				ALWAYS_SEARCH_USER_PATHS = NO;
				CLANG_ENABLE_OBJC_ARC = YES;
				CLANG_WARN_BOOL_CONVERSION = YES;
				CLANG_WARN_CONSTANT_CONVERSION = YES;
				CLANG_WARN_EMPTY_BODY = YES;
				CLANG_WARN_ENUM_CONVERSION = YES;
				CLANG_WARN_INFINITE_RECURSION = YES;
				CLANG_WARN_INT_CONVERSION = YES;
				CLANG_WARN_SUSPICIOUS_MOVE = YES;
				CLANG_WARN_UNREACHABLE_CODE = YES;
				CLANG_WARN__DUPLICATE_METHOD_MATCH = YES;
				"CODE_SIGN_IDENTITY[sdk=iphoneos*]" = "iPhone Distribution: yasuyuki asada";
				COPY_PHASE_STRIP = YES;
				ENABLE_STRICT_OBJC_MSGSEND = YES;
				GCC_C_LANGUAGE_STANDARD = gnu99;
				GCC_NO_COMMON_BLOCKS = YES;
				GCC_OPTIMIZATION_LEVEL = s;
				GCC_WARN_64_TO_32_BIT_CONVERSION = YES;
				GCC_WARN_ABOUT_RETURN_TYPE = YES;
				GCC_WARN_CHECK_SWITCH_STATEMENTS = NO;
				GCC_WARN_UNDECLARED_SELECTOR = YES;
				GCC_WARN_UNINITIALIZED_AUTOS = YES;
				GCC_WARN_UNUSED_FUNCTION = YES;
				GCC_WARN_UNUSED_VARIABLE = YES;
				IPHONEOS_DEPLOYMENT_TARGET = 8.0;
				OTHER_CFLAGS = "-DNS_BLOCK_ASSERTIONS=1";
				"PROVISIONING_PROFILE[sdk=iphoneos*]" = "0B8868FD-265B-4FC4-9729-15EB11E965AF";
				SDKROOT = iphoneos;
				SWIFT_OPTIMIZATION_LEVEL = "-Owholemodule";
				SWIFT_VERSION = 3.0;
				VALIDATE_PRODUCT = YES;
			};
			name = Release;
		};
		C32DD950170C610900D11883 /* Debug */ = {
			isa = XCBuildConfiguration;
			baseConfigurationReference = 7C7453DBC0459ED17CA4BB53 /* Pods-mdxplayer.debug.xcconfig */;
			buildSettings = {
				ASSETCATALOG_COMPILER_APPICON_NAME = AppIcon;
				ASSETCATALOG_COMPILER_LAUNCHIMAGE_NAME = LaunchImage;
				CLANG_ENABLE_MODULES = YES;
				CODE_SIGN_IDENTITY = "iPhone Developer";
				"CODE_SIGN_IDENTITY[sdk=iphoneos*]" = "iPhone Developer";
				ENABLE_BITCODE = NO;
				GCC_PRECOMPILE_PREFIX_HEADER = YES;
				GCC_PREFIX_HEADER = "resources/mdxplayer-Prefix.pch";
				INFOPLIST_FILE = "$(SRCROOT)/resources/mdxplayer-Info.plist";
				IPHONEOS_DEPLOYMENT_TARGET = 9.3;
				LD_RUNPATH_SEARCH_PATHS = "$(inherited) @executable_path/Frameworks";
				PRODUCT_BUNDLE_IDENTIFIER = com.nagisa.mdxplayer;
				PRODUCT_NAME = "$(TARGET_NAME)";
				PROVISIONING_PROFILE = "";
				SWIFT_OBJC_BRIDGING_HEADER = "classes/mdxplayer-Bridging-Header.h";
				SWIFT_OPTIMIZATION_LEVEL = "-Onone";
				SWIFT_VERSION = 3.0;
				TARGETED_DEVICE_FAMILY = "1,2";
				WRAPPER_EXTENSION = app;
			};
			name = Debug;
		};
		C32DD951170C610900D11883 /* Release */ = {
			isa = XCBuildConfiguration;
			baseConfigurationReference = F0633E8A337BE7F7E048A522 /* Pods-mdxplayer.release.xcconfig */;
			buildSettings = {
				ASSETCATALOG_COMPILER_APPICON_NAME = AppIcon;
				ASSETCATALOG_COMPILER_LAUNCHIMAGE_NAME = LaunchImage;
				CLANG_ENABLE_MODULES = YES;
				CODE_SIGN_IDENTITY = "iPhone Developer";
				"CODE_SIGN_IDENTITY[sdk=iphoneos*]" = "iPhone Developer";
				ENABLE_BITCODE = NO;
				GCC_PRECOMPILE_PREFIX_HEADER = YES;
				GCC_PREFIX_HEADER = "resources/mdxplayer-Prefix.pch";
				INFOPLIST_FILE = "$(SRCROOT)/resources/mdxplayer-Info.plist";
				IPHONEOS_DEPLOYMENT_TARGET = 9.3;
				LD_RUNPATH_SEARCH_PATHS = "$(inherited) @executable_path/Frameworks";
				PRODUCT_BUNDLE_IDENTIFIER = com.nagisa.mdxplayer;
				PRODUCT_NAME = "$(TARGET_NAME)";
				PROVISIONING_PROFILE = "";
				"PROVISIONING_PROFILE[sdk=iphoneos*]" = "";
				SWIFT_OBJC_BRIDGING_HEADER = "classes/mdxplayer-Bridging-Header.h";
				SWIFT_VERSION = 3.0;
				TARGETED_DEVICE_FAMILY = "1,2";
				WRAPPER_EXTENSION = app;
			};
			name = Release;
		};
		C34988FC1D8EC80700167ADA /* Debug */ = {
			isa = XCBuildConfiguration;
			buildSettings = {
				CLANG_ANALYZER_NONNULL = YES;
				CLANG_CXX_LANGUAGE_STANDARD = "gnu++0x";
				CLANG_CXX_LIBRARY = "libc++";
				CLANG_ENABLE_MODULES = YES;
				CLANG_WARN_BOOL_CONVERSION = YES;
				CLANG_WARN_DIRECT_OBJC_ISA_USAGE = YES_ERROR;
				CLANG_WARN_OBJC_ROOT_CLASS = YES_ERROR;
				CLANG_WARN_UNREACHABLE_CODE = YES;
				DEBUG_INFORMATION_FORMAT = dwarf;
				ENABLE_STRICT_OBJC_MSGSEND = YES;
				GCC_NO_COMMON_BLOCKS = YES;
				GCC_WARN_64_TO_32_BIT_CONVERSION = YES;
				GCC_WARN_ABOUT_RETURN_TYPE = YES_ERROR;
				GCC_WARN_UNDECLARED_SELECTOR = YES;
				GCC_WARN_UNINITIALIZED_AUTOS = YES_AGGRESSIVE;
				GCC_WARN_UNUSED_FUNCTION = YES;
				GCC_WARN_UNUSED_VARIABLE = YES;
				INFOPLIST_FILE = mdxplayerUITests/Info.plist;
				IPHONEOS_DEPLOYMENT_TARGET = 9.3;
				LD_RUNPATH_SEARCH_PATHS = "$(inherited) @executable_path/Frameworks @loader_path/Frameworks";
				MTL_ENABLE_DEBUG_INFO = YES;
				PRODUCT_BUNDLE_IDENTIFIER = com.nagisa.mdxplayerUITests;
				PRODUCT_NAME = "$(TARGET_NAME)";
				SWIFT_OPTIMIZATION_LEVEL = "-Onone";
				TEST_TARGET_NAME = mdxplayer;
			};
			name = Debug;
		};
		C34988FD1D8EC80700167ADA /* Release */ = {
			isa = XCBuildConfiguration;
			buildSettings = {
				CLANG_ANALYZER_NONNULL = YES;
				CLANG_CXX_LANGUAGE_STANDARD = "gnu++0x";
				CLANG_CXX_LIBRARY = "libc++";
				CLANG_ENABLE_MODULES = YES;
				CLANG_WARN_BOOL_CONVERSION = YES;
				CLANG_WARN_DIRECT_OBJC_ISA_USAGE = YES_ERROR;
				CLANG_WARN_OBJC_ROOT_CLASS = YES_ERROR;
				CLANG_WARN_UNREACHABLE_CODE = YES;
				"CODE_SIGN_IDENTITY[sdk=iphoneos*]" = "iPhone Developer";
				COPY_PHASE_STRIP = NO;
				DEBUG_INFORMATION_FORMAT = "dwarf-with-dsym";
				ENABLE_NS_ASSERTIONS = NO;
				ENABLE_STRICT_OBJC_MSGSEND = YES;
				GCC_NO_COMMON_BLOCKS = YES;
				GCC_WARN_64_TO_32_BIT_CONVERSION = YES;
				GCC_WARN_ABOUT_RETURN_TYPE = YES_ERROR;
				GCC_WARN_UNDECLARED_SELECTOR = YES;
				GCC_WARN_UNINITIALIZED_AUTOS = YES_AGGRESSIVE;
				GCC_WARN_UNUSED_FUNCTION = YES;
				GCC_WARN_UNUSED_VARIABLE = YES;
				INFOPLIST_FILE = mdxplayerUITests/Info.plist;
				IPHONEOS_DEPLOYMENT_TARGET = 9.3;
				LD_RUNPATH_SEARCH_PATHS = "$(inherited) @executable_path/Frameworks @loader_path/Frameworks";
				MTL_ENABLE_DEBUG_INFO = NO;
				PRODUCT_BUNDLE_IDENTIFIER = com.nagisa.mdxplayerUITests;
				PRODUCT_NAME = "$(TARGET_NAME)";
				TEST_TARGET_NAME = mdxplayer;
			};
			name = Release;
		};
/* End XCBuildConfiguration section */

/* Begin XCConfigurationList section */
		C32DD927170C610800D11883 /* Build configuration list for PBXProject "mdxplayer" */ = {
			isa = XCConfigurationList;
			buildConfigurations = (
				C32DD94D170C610900D11883 /* Debug */,
				C32DD94E170C610900D11883 /* Release */,
			);
			defaultConfigurationIsVisible = 0;
			defaultConfigurationName = Release;
		};
		C32DD94F170C610900D11883 /* Build configuration list for PBXNativeTarget "mdxplayer" */ = {
			isa = XCConfigurationList;
			buildConfigurations = (
				C32DD950170C610900D11883 /* Debug */,
				C32DD951170C610900D11883 /* Release */,
			);
			defaultConfigurationIsVisible = 0;
			defaultConfigurationName = Release;
		};
		C34988FE1D8EC80700167ADA /* Build configuration list for PBXNativeTarget "mdxplayerUITests" */ = {
			isa = XCConfigurationList;
			buildConfigurations = (
				C34988FC1D8EC80700167ADA /* Debug */,
				C34988FD1D8EC80700167ADA /* Release */,
			);
			defaultConfigurationIsVisible = 0;
			defaultConfigurationName = Release;
		};
/* End XCConfigurationList section */
	};
	rootObject = C32DD924170C610800D11883 /* Project object */;
}
